
Microsoft Visual Studio Solution File, Format Version 12.00
# Visual Studio Version 17
VisualStudioVersion = 17.3.32819.101
MinimumVisualStudioVersion = 10.0.40219.1
Project("{FAE04EC0-301F-11D3-BF4B-00C04F79EFBC}") = "patientdemo", "patientdemo\patientdemo.csproj", "{7A130B6A-8FD3-4FDA-B90E-2D703D63001E}"
EndProject
Global
	GlobalSection(SolutionConfigurationPlatforms) = preSolution
		Debug|Any CPU = Debug|Any CPU
		Release|Any CPU = Release|Any CPU
	EndGlobalSection
	GlobalSection(ProjectConfigurationPlatforms) = postSolution
		{7A130B6A-8FD3-4FDA-B90E-2D703D63001E}.Debug|Any CPU.ActiveCfg = Debug|Any CPU
		{7A130B6A-8FD3-4FDA-B90E-2D703D63001E}.Debug|Any CPU.Build.0 = Debug|Any CPU
		{7A130B6A-8FD3-4FDA-B90E-2D703D63001E}.Release|Any CPU.ActiveCfg = Release|Any CPU
		{7A130B6A-8FD3-4FDA-B90E-2D703D63001E}.Release|Any CPU.Build.0 = Release|Any CPU
	EndGlobalSection
	GlobalSection(SolutionProperties) = preSolution
		HideSolutionNode = FALSE
	EndGlobalSection
	GlobalSection(ExtensibilityGlobals) = postSolution
		SolutionGuid = {C4F4A312-84FE-4F81-AAF4-8C437AC7337C}
	EndGlobalSection
EndGlobal
